{
  "sources": {
    "openstack-network": {
      "path": "."
    },
    "openstack-identity": {
      "locked_version": "8.0.0",
      "git": "https://github.com/stackforge/cookbook-openstack-identity.git",
      "ref": "309b8040a03d4bde97ca443644125e16c242edd8"
    },
    "openstack-common": {
      "locked_version": "8.0.0",
      "git": "https://github.com/stackforge/cookbook-openstack-common.git",
      "ref": "bf7f7bc3f2f8a1db112afd790aa54998a6cde40f"
    },
    "database": {
      "locked_version": "1.4.0"
    },
    "mysql": {
      "locked_version": "3.0.0"
    },
    "postgresql": {
      "locked_version": "3.3.4"
    },
    "apt": {
      "locked_version": "2.3.4"
    },
    "build-essential": {
      "locked_version": "1.4.2"
    },
    "openssl": {
      "locked_version": "1.1.0"
    },
    "aws": {
      "locked_version": "1.0.0"
    },
    "xfs": {
      "locked_version": "1.1.0"
    }
  }
}
